<?xml version="1.0" encoding="utf-8"?>
<Project ToolsVersion="4.0" xmlns="http://schemas.microsoft.com/developer/msbuild/2003">
  <ItemGroup>
    <Filter Include="Source Files">
      <UniqueIdentifier>{95d67fb0-18a9-4eac-aa11-15bea1954136}</UniqueIdentifier>
      <Extensions>cpp;c;cxx;rc;def;r;odl;idl;hpj;bat</Extensions>
    </Filter>
    <Filter Include="Header Files">
      <UniqueIdentifier>{022d9842-08c0-44f1-b1b1-b097e61a8104}</UniqueIdentifier>
      <Extensions>h;hpp;hxx;hm;inl</Extensions>
    </Filter>
    <Filter Include="Resource Files">
      <UniqueIdentifier>{4a715b63-6a14-414f-add6-45a8183bec9b}</UniqueIdentifier>
      <Extensions>ico;cur;bmp;dlg;rc2;rct;bin;rgs;gif;jpg;jpeg;jpe</Extensions>
    </Filter>
    <Filter Include="Generated Files">
      <UniqueIdentifier>{c252afae-997e-496c-8150-a55412ccaa46}</UniqueIdentifier>
    </Filter>
    <Filter Include="Bitmap Files">
      <UniqueIdentifier>{6b8061fd-f4c7-434c-a7ce-fccb5ed179fc}</UniqueIdentifier>
    </Filter>
    <Filter Include="Icon Files">
      <UniqueIdentifier>{cd909960-ef5e-479f-a447-34d4a0a9c4ac}</UniqueIdentifier>
    </Filter>
  </ItemGroup>
  <ItemGroup>
    <ClCompile Include="comexplore.cpp">
      <Filter>Source Files</Filter>
    </ClCompile>
    <ClCompile Include="stdafx.cpp">
      <Filter>Source Files</Filter>
    </ClCompile>
    <ClCompile Include="objdata.cpp">
      <Filter>Source Files</Filter>
    </ClCompile>
    <ClCompile Include="mainfrm.cpp">
      <Filter>Source Files</Filter>
    </ClCompile>
    <ClCompile Include="comdetailview.cpp">
      <Filter>Source Files</Filter>
    </ClCompile>
    <ClCompile Include="comtreeview.cpp">
      <Filter>Source Files</Filter>
    </ClCompile>
    <ClCompile Include="regview.cpp">
      <Filter>Source Files</Filter>
    </ClCompile>
    <ClCompile Include="aboutdlg.cpp">
      <Filter>Source Files</Filter>
    </ClCompile>
    <ClCompile Include="typelibview.cpp">
      <Filter>Source Files</Filter>
    </ClCompile>
    <ClCompile Include="typelibtree.cpp">
      <Filter>Source Files</Filter>
    </ClCompile>
    <ClCompile Include="util.cpp">
      <Filter>Source Files</Filter>
    </ClCompile>
    <ClCompile Include="typeinfonode.cpp">
      <Filter>Source Files</Filter>
    </ClCompile>
    <ClCompile Include="idlview.cpp">
      <Filter>Source Files</Filter>
    </ClCompile>
    <ClCompile Include="autotypeattr.cpp">
      <Filter>Source Files</Filter>
    </ClCompile>
    <ClCompile Include="textstream.cpp">
      <Filter>Source Files</Filter>
    </ClCompile>
    <ClCompile Include="idlstreamformatter.cpp">
      <Filter>Source Files</Filter>
    </ClCompile>
    <ClCompile Include="comexplorer.cpp">
      <Filter>Source Files</Filter>
    </ClCompile>
    <ClCompile Include="comerror.cpp">
      <Filter>Source Files</Filter>
    </ClCompile>
    <ClCompile Include="msgloop.cpp">
      <Filter>Source Files</Filter>
    </ClCompile>
    <ClCompile Include="regcleanwiz.cpp">
      <Filter>Source Files</Filter>
    </ClCompile>
    <ClCompile Include="regcleanwizsheet.cpp">
      <Filter>Source Files</Filter>
    </ClCompile>
    <ClCompile Include="regcleanwelcome.cpp">
      <Filter>Source Files</Filter>
    </ClCompile>
    <ClCompile Include="regcleanrunpage.cpp">
      <Filter>Source Files</Filter>
    </ClCompile>
    <ClCompile Include="regcleaninfo.cpp">
      <Filter>Source Files</Filter>
    </ClCompile>
    <ClCompile Include="regcleanresults.cpp">
      <Filter>Source Files</Filter>
    </ClCompile>
    <ClCompile Include="regkeyaccess.cpp">
      <Filter>Source Files</Filter>
    </ClCompile>
  </ItemGroup>
  <ItemGroup>
    <ClInclude Include="aboutdlg.h">
      <Filter>Header Files</Filter>
    </ClInclude>
    <ClInclude Include="comtreeview.h">
      <Filter>Header Files</Filter>
    </ClInclude>
    <ClInclude Include="mainfrm.h">
      <Filter>Header Files</Filter>
    </ClInclude>
    <ClInclude Include="resource.h">
      <Filter>Header Files</Filter>
    </ClInclude>
    <ClInclude Include="stdafx.h">
      <Filter>Header Files</Filter>
    </ClInclude>
    <ClInclude Include="comdetailview.h">
      <Filter>Header Files</Filter>
    </ClInclude>
    <ClInclude Include="regview.h">
      <Filter>Header Files</Filter>
    </ClInclude>
    <ClInclude Include="objdata.h">
      <Filter>Header Files</Filter>
    </ClInclude>
    <ClInclude Include="typelibview.h">
      <Filter>Header Files</Filter>
    </ClInclude>
    <ClInclude Include="typelibtree.h">
      <Filter>Header Files</Filter>
    </ClInclude>
    <ClInclude Include="util.h">
      <Filter>Header Files</Filter>
    </ClInclude>
    <ClInclude Include="autodesc.h">
      <Filter>Header Files</Filter>
    </ClInclude>
    <ClInclude Include="autotypeattr.h">
      <Filter>Header Files</Filter>
    </ClInclude>
    <ClInclude Include="typeinfonode.h">
      <Filter>Header Files</Filter>
    </ClInclude>
    <ClInclude Include="idlview.h">
      <Filter>Header Files</Filter>
    </ClInclude>
    <ClInclude Include="autobstrarray.h">
      <Filter>Header Files</Filter>
    </ClInclude>
    <ClInclude Include="textstream.h">
      <Filter>Header Files</Filter>
    </ClInclude>
    <ClInclude Include="idlstreamformatter.h">
      <Filter>Header Files</Filter>
    </ClInclude>
    <ClInclude Include="comexplorer.h">
      <Filter>Header Files</Filter>
    </ClInclude>
    <ClInclude Include="ribbon.h">
      <Filter>Generated Files</Filter>
    </ClInclude>
    <ClInclude Include="comerror.h">
      <Filter>Header Files</Filter>
    </ClInclude>
    <ClInclude Include="msgloop.h">
      <Filter>Header Files</Filter>
    </ClInclude>
    <ClInclude Include="regcleanwiz.h">
      <Filter>Header Files</Filter>
    </ClInclude>
    <ClInclude Include="regcleanwizsheet.h">
      <Filter>Header Files</Filter>
    </ClInclude>
    <ClInclude Include="regcleanwelcome.h">
      <Filter>Header Files</Filter>
    </ClInclude>
    <ClInclude Include="regcleanrunpage.h">
      <Filter>Header Files</Filter>
    </ClInclude>
    <ClInclude Include="regcleaninfo.h">
      <Filter>Header Files</Filter>
    </ClInclude>
    <ClInclude Include="regcleanresults.h">
      <Filter>Header Files</Filter>
    </ClInclude>
    <ClInclude Include="regkeyaccess.h">
      <Filter>Header Files</Filter>
    </ClInclude>
    <ClInclude Include="localbuff.h">
      <Filter>Header Files</Filter>
    </ClInclude>
  </ItemGroup>
  <ItemGroup>
    <Image Include="res\about.bmp">
      <Filter>Bitmap Files</Filter>
    </Image>
    <Image Include="res\automation.bmp">
      <Filter>Bitmap Files</Filter>
    </Image>
    <Image Include="res\open.bmp">
      <Filter>Bitmap Files</Filter>
    </Image>
    <Image Include="res\release.bmp">
      <Filter>Bitmap Files</Filter>
    </Image>
    <Image Include="res\alias.ico">
      <Filter>Icon Files</Filter>
    </Image>
    <Image Include="res\appid.ico">
      <Filter>Icon Files</Filter>
    </Image>
    <Image Include="res\catid.ico">
      <Filter>Icon Files</Filter>
    </Image>
    <Image Include="res\coclass.ico">
      <Filter>Icon Files</Filter>
    </Image>
    <Image Include="res\comexplore.ico">
      <Filter>Icon Files</Filter>
    </Image>
    <Image Include="res\constant.ico">
      <Filter>Icon Files</Filter>
    </Image>
    <Image Include="res\dispatch.ico">
      <Filter>Icon Files</Filter>
    </Image>
    <Image Include="res\enum.ico">
      <Filter>Icon Files</Filter>
    </Image>
    <Image Include="res\function.ico">
      <Filter>Icon Files</Filter>
    </Image>
    <Image Include="res\interface.ico">
      <Filter>Icon Files</Filter>
    </Image>
    <Image Include="res\interface_grp.ico">
      <Filter>Icon Files</Filter>
    </Image>
    <Image Include="res\module.ico">
      <Filter>Icon Files</Filter>
    </Image>
    <Image Include="res\node.ico">
      <Filter>Icon Files</Filter>
    </Image>
    <Image Include="res\property.ico">
      <Filter>Icon Files</Filter>
    </Image>
    <Image Include="res\record.ico">
      <Filter>Icon Files</Filter>
    </Image>
    <Image Include="res\reg.ico">
      <Filter>Icon Files</Filter>
    </Image>
    <Image Include="res\regnode.ico">
      <Filter>Icon Files</Filter>
    </Image>
    <Image Include="res\typelib.ico">
      <Filter>Icon Files</Filter>
    </Image>
    <Image Include="res\typelib_grp.ico">
      <Filter>Icon Files</Filter>
    </Image>
    <Image Include="res\union.ico">
      <Filter>Icon Files</Filter>
    </Image>
    <Image Include="res\exit.bmp">
      <Filter>Bitmap Files</Filter>
    </Image>
    <Image Include="res\folder.ico">
      <Filter>Icon Files</Filter>
    </Image>
    <Image Include="res\appid_grp.ico">
      <Filter>Icon Files</Filter>
    </Image>
    <Image Include="res\catid_grp.ico">
      <Filter>Icon Files</Filter>
    </Image>
    <Image Include="res\regclean.bmp">
      <Filter>Bitmap Files</Filter>
    </Image>
    <Image Include="res\regclean_large.bmp">
      <Filter>Bitmap Files</Filter>
    </Image>
    <Image Include="res\regclean_header.bmp">
      <Filter>Bitmap Files</Filter>
    </Image>
  </ItemGroup>
  <ItemGroup>
    <ResourceCompile Include="comexplore.rc">
      <Filter>Resource Files</Filter>
    </ResourceCompile>
  </ItemGroup>
  <ItemGroup>
    <None Include="packages.config" />
    <None Include="ribbon.bin">
      <Filter>Generated Files</Filter>
    </None>
    <None Include="ribbon.rc2">
      <Filter>Generated Files</Filter>
    </None>
  </ItemGroup>
  <ItemGroup>
    <CustomBuild Include="ribbon.xml">
      <Filter>Resource Files</Filter>
    </CustomBuild>
  </ItemGroup>
</Project>